
Microsoft Visual Studio Solution File, Format Version 12.00
# Visual Studio Version 16
VisualStudioVersion = 16.0.30320.27
MinimumVisualStudioVersion = 10.0.40219.1
Project("{FAE04EC0-301F-11D3-BF4B-00C04F79EFBC}") = "Banking", "Banking\Banking.csproj", "{CF86A4C8-0BA4-42D6-8CD5-16EDC33E314C}"
EndProject
Global
	GlobalSection(SolutionConfigurationPlatforms) = preSolution
		Debug|Any CPU = Debug|Any CPU
		Release|Any CPU = Release|Any CPU
	EndGlobalSection
	GlobalSection(ProjectConfigurationPlatforms) = postSolution
		{CF86A4C8-0BA4-42D6-8CD5-16EDC33E314C}.Debug|Any CPU.ActiveCfg = Debug|Any CPU
		{CF86A4C8-0BA4-42D6-8CD5-16EDC33E314C}.Debug|Any CPU.Build.0 = Debug|Any CPU
		{CF86A4C8-0BA4-42D6-8CD5-16EDC33E314C}.Release|Any CPU.ActiveCfg = Release|Any CPU
		{CF86A4C8-0BA4-42D6-8CD5-16EDC33E314C}.Release|Any CPU.Build.0 = Release|Any CPU
	EndGlobalSection
	GlobalSection(SolutionProperties) = preSolution
		HideSolutionNode = FALSE
	EndGlobalSection
	GlobalSection(ExtensibilityGlobals) = postSolution
		SolutionGuid = {E76743B4-D0F5-44AD-9952-6C1DA306B0FE}
	EndGlobalSection
EndGlobal
